
Microsoft Visual Studio Solution File, Format Version 12.00
# Visual Studio Version 16
VisualStudioVersion = 16.0.32510.428
MinimumVisualStudioVersion = 10.0.40219.1
Project("{FAE04EC0-301F-11D3-BF4B-00C04F79EFBC}") = "JournalProject", "JournalApp\JournalProject.csproj", "{A7352BA8-7098-471B-83CF-64C4A81984D8}"
EndProject
Global
	GlobalSection(SolutionConfigurationPlatforms) = preSolution
		Debug|Any CPU = Debug|Any CPU
		Release|Any CPU = Release|Any CPU
	EndGlobalSection
	GlobalSection(ProjectConfigurationPlatforms) = postSolution
		{A7352BA8-7098-471B-83CF-64C4A81984D8}.Debug|Any CPU.ActiveCfg = Debug|Any CPU
		{A7352BA8-7098-471B-83CF-64C4A81984D8}.Debug|Any CPU.Build.0 = Debug|Any CPU
		{A7352BA8-7098-471B-83CF-64C4A81984D8}.Release|Any CPU.ActiveCfg = Release|Any CPU
		{A7352BA8-7098-471B-83CF-64C4A81984D8}.Release|Any CPU.Build.0 = Release|Any CPU
	EndGlobalSection
	GlobalSection(SolutionProperties) = preSolution
		HideSolutionNode = FALSE
	EndGlobalSection
	GlobalSection(ExtensibilityGlobals) = postSolution
		SolutionGuid = {B7799A4F-0AF0-4ED9-8EE9-C8E8FF3AF055}
	EndGlobalSection
EndGlobal
